// !$*UTF8*$!
{
	archiveVersion = 1;
	classes = {
	};
	objectVersion = 56;
	objects = {

/* Begin PBXBuildFile section */
		182B16722BC3CC8B00458DE3 /* SwiftUIChallengeApp.swift in Sources */ = {isa = PBXBuildFile; fileRef = 182B16712BC3CC8B00458DE3 /* SwiftUIChallengeApp.swift */; };
		182B16742BC3CC8B00458DE3 /* MainView.swift in Sources */ = {isa = PBXBuildFile; fileRef = 182B16732BC3CC8B00458DE3 /* MainView.swift */; };
		182B16762BC3CC8F00458DE3 /* Assets.xcassets in Resources */ = {isa = PBXBuildFile; fileRef = 182B16752BC3CC8F00458DE3 /* Assets.xcassets */; };
		182B16792BC3CC8F00458DE3 /* Preview Assets.xcassets in Resources */ = {isa = PBXBuildFile; fileRef = 182B16782BC3CC8F00458DE3 /* Preview Assets.xcassets */; };
		182B16802BC3CCC500458DE3 /* Movie.swift in Sources */ = {isa = PBXBuildFile; fileRef = 182B167F2BC3CCC500458DE3 /* Movie.swift */; };
		182B16822BC3D7E600458DE3 /* Movies.json in Resources */ = {isa = PBXBuildFile; fileRef = 182B16812BC3D7E600458DE3 /* Movies.json */; };
		182B16922BC5214800458DE3 /* Coordinator.swift in Sources */ = {isa = PBXBuildFile; fileRef = 182B16912BC5214800458DE3 /* Coordinator.swift */; };
		182B16962BC5B94B00458DE3 /* MoviesRequest.swift in Sources */ = {isa = PBXBuildFile; fileRef = 182B16952BC5B94B00458DE3 /* MoviesRequest.swift */; };
		182B16982BC5C8C200458DE3 /* MainViewModel.swift in Sources */ = {isa = PBXBuildFile; fileRef = 182B16972BC5C8C200458DE3 /* MainViewModel.swift */; };
		182B169C2BC5CF6100458DE3 /* MoviesListView.swift in Sources */ = {isa = PBXBuildFile; fileRef = 182B169B2BC5CF6100458DE3 /* MoviesListView.swift */; };
		182B169E2BC5D31B00458DE3 /* MovieDetailsView.swift in Sources */ = {isa = PBXBuildFile; fileRef = 182B169D2BC5D31B00458DE3 /* MovieDetailsView.swift */; };
		18D68D072BC8526200A12C7D /* Errors.swift in Sources */ = {isa = PBXBuildFile; fileRef = 18D68D062BC8526200A12C7D /* Errors.swift */; };
/* End PBXBuildFile section */

/* Begin PBXFileReference section */
		182B166E2BC3CC8B00458DE3 /* SwiftUIChallenge.app */ = {isa = PBXFileReference; explicitFileType = wrapper.application; includeInIndex = 0; path = SwiftUIChallenge.app; sourceTree = BUILT_PRODUCTS_DIR; };
		182B16712BC3CC8B00458DE3 /* SwiftUIChallengeApp.swift */ = {isa = PBXFileReference; lastKnownFileType = sourcecode.swift; path = SwiftUIChallengeApp.swift; sourceTree = "<group>"; };
		182B16732BC3CC8B00458DE3 /* MainView.swift */ = {isa = PBXFileReference; lastKnownFileType = sourcecode.swift; path = MainView.swift; sourceTree = "<group>"; };
		182B16752BC3CC8F00458DE3 /* Assets.xcassets */ = {isa = PBXFileReference; lastKnownFileType = folder.assetcatalog; path = Assets.xcassets; sourceTree = "<group>"; };
		182B16782BC3CC8F00458DE3 /* Preview Assets.xcassets */ = {isa = PBXFileReference; lastKnownFileType = folder.assetcatalog; path = "Preview Assets.xcassets"; sourceTree = "<group>"; };
		182B167F2BC3CCC500458DE3 /* Movie.swift */ = {isa = PBXFileReference; lastKnownFileType = sourcecode.swift; path = Movie.swift; sourceTree = "<group>"; };
		182B16812BC3D7E600458DE3 /* Movies.json */ = {isa = PBXFileReference; lastKnownFileType = text.json; path = Movies.json; sourceTree = "<group>"; };
		182B16912BC5214800458DE3 /* Coordinator.swift */ = {isa = PBXFileReference; lastKnownFileType = sourcecode.swift; path = Coordinator.swift; sourceTree = "<group>"; };
		182B16952BC5B94B00458DE3 /* MoviesRequest.swift */ = {isa = PBXFileReference; lastKnownFileType = sourcecode.swift; path = MoviesRequest.swift; sourceTree = "<group>"; };
		182B16972BC5C8C200458DE3 /* MainViewModel.swift */ = {isa = PBXFileReference; lastKnownFileType = sourcecode.swift; path = MainViewModel.swift; sourceTree = "<group>"; };
		182B169B2BC5CF6100458DE3 /* MoviesListView.swift */ = {isa = PBXFileReference; lastKnownFileType = sourcecode.swift; path = MoviesListView.swift; sourceTree = "<group>"; };
		182B169D2BC5D31B00458DE3 /* MovieDetailsView.swift */ = {isa = PBXFileReference; lastKnownFileType = sourcecode.swift; path = MovieDetailsView.swift; sourceTree = "<group>"; };
		18D68D062BC8526200A12C7D /* Errors.swift */ = {isa = PBXFileReference; lastKnownFileType = sourcecode.swift; path = Errors.swift; sourceTree = "<group>"; };
/* End PBXFileReference section */

/* Begin PBXFrameworksBuildPhase section */
		182B166B2BC3CC8B00458DE3 /* Frameworks */ = {
			isa = PBXFrameworksBuildPhase;
			buildActionMask = 2147483647;
			files = (
			);
			runOnlyForDeploymentPostprocessing = 0;
		};
/* End PBXFrameworksBuildPhase section */

/* Begin PBXGroup section */
		182B16652BC3CC8B00458DE3 = {
			isa = PBXGroup;
			children = (
				182B16702BC3CC8B00458DE3 /* SwiftUIChallenge */,
				182B166F2BC3CC8B00458DE3 /* Products */,
			);
			sourceTree = "<group>";
		};
		182B166F2BC3CC8B00458DE3 /* Products */ = {
			isa = PBXGroup;
			children = (
				182B166E2BC3CC8B00458DE3 /* SwiftUIChallenge.app */,
			);
			name = Products;
			sourceTree = "<group>";
		};
		182B16702BC3CC8B00458DE3 /* SwiftUIChallenge */ = {
			isa = PBXGroup;
			children = (
				182B16712BC3CC8B00458DE3 /* SwiftUIChallengeApp.swift */,
				182B16862BC3F52000458DE3 /* Views */,
				182B168E2BC5211F00458DE3 /* Coordinator */,
				182B16932BC5B44F00458DE3 /* DTO */,
				182B16852BC3F4FF00458DE3 /* Networking */,
				182B16752BC3CC8F00458DE3 /* Assets.xcassets */,
				182B16812BC3D7E600458DE3 /* Movies.json */,
				182B16772BC3CC8F00458DE3 /* Preview Content */,
			);
			path = SwiftUIChallenge;
			sourceTree = "<group>";
		};
		182B16772BC3CC8F00458DE3 /* Preview Content */ = {
			isa = PBXGroup;
			children = (
				182B16782BC3CC8F00458DE3 /* Preview Assets.xcassets */,
			);
			path = "Preview Content";
			sourceTree = "<group>";
		};
		182B16852BC3F4FF00458DE3 /* Networking */ = {
			isa = PBXGroup;
			children = (
				182B16942BC5B92900458DE3 /* Movies */,
			);
			path = Networking;
			sourceTree = "<group>";
		};
		182B16862BC3F52000458DE3 /* Views */ = {
			isa = PBXGroup;
			children = (
				182B16732BC3CC8B00458DE3 /* MainView.swift */,
				182B16972BC5C8C200458DE3 /* MainViewModel.swift */,
				182B16992BC5CF1D00458DE3 /* MoviesListView */,
				182B169A2BC5CF3500458DE3 /* MovieDetailsView */,
			);
			path = Views;
			sourceTree = "<group>";
		};
		182B168E2BC5211F00458DE3 /* Coordinator */ = {
			isa = PBXGroup;
			children = (
				182B16912BC5214800458DE3 /* Coordinator.swift */,
			);
			path = Coordinator;
			sourceTree = "<group>";
		};
		182B16932BC5B44F00458DE3 /* DTO */ = {
			isa = PBXGroup;
			children = (
				182B167F2BC3CCC500458DE3 /* Movie.swift */,
				18D68D062BC8526200A12C7D /* Errors.swift */,
			);
			path = DTO;
			sourceTree = "<group>";
		};
		182B16942BC5B92900458DE3 /* Movies */ = {
			isa = PBXGroup;
			children = (
				182B16952BC5B94B00458DE3 /* MoviesRequest.swift */,
			);
			path = Movies;
			sourceTree = "<group>";
		};
		182B16992BC5CF1D00458DE3 /* MoviesListView */ = {
			isa = PBXGroup;
			children = (
				182B169B2BC5CF6100458DE3 /* MoviesListView.swift */,
			);
			path = MoviesListView;
			sourceTree = "<group>";
		};
		182B169A2BC5CF3500458DE3 /* MovieDetailsView */ = {
			isa = PBXGroup;
			children = (
				182B169D2BC5D31B00458DE3 /* MovieDetailsView.swift */,
			);
			path = MovieDetailsView;
			sourceTree = "<group>";
		};
/* End PBXGroup section */

/* Begin PBXNativeTarget section */
		182B166D2BC3CC8B00458DE3 /* SwiftUIChallenge */ = {
			isa = PBXNativeTarget;
			buildConfigurationList = 182B167C2BC3CC8F00458DE3 /* Build configuration list for PBXNativeTarget "SwiftUIChallenge" */;
			buildPhases = (
				182B166A2BC3CC8B00458DE3 /* Sources */,
				182B166B2BC3CC8B00458DE3 /* Frameworks */,
				182B166C2BC3CC8B00458DE3 /* Resources */,
			);
			buildRules = (
			);
			dependencies = (
			);
			name = SwiftUIChallenge;
			productName = SwiftUIChallenge;
			productReference = 182B166E2BC3CC8B00458DE3 /* SwiftUIChallenge.app */;
			productType = "com.apple.product-type.application";
		};
/* End PBXNativeTarget section */

/* Begin PBXProject section */
		182B16662BC3CC8B00458DE3 /* Project object */ = {
			isa = PBXProject;
			attributes = {
				BuildIndependentTargetsInParallel = 1;
				LastSwiftUpdateCheck = 1530;
				LastUpgradeCheck = 1530;
				TargetAttributes = {
					182B166D2BC3CC8B00458DE3 = {
						CreatedOnToolsVersion = 15.3;
					};
				};
			};
			buildConfigurationList = 182B16692BC3CC8B00458DE3 /* Build configuration list for PBXProject "SwiftUIChallenge" */;
			compatibilityVersion = "Xcode 14.0";
			developmentRegion = en;
			hasScannedForEncodings = 0;
			knownRegions = (
				en,
				Base,
			);
			mainGroup = 182B16652BC3CC8B00458DE3;
			productRefGroup = 182B166F2BC3CC8B00458DE3 /* Products */;
			projectDirPath = "";
			projectRoot = "";
			targets = (
				182B166D2BC3CC8B00458DE3 /* SwiftUIChallenge */,
			);
		};
/* End PBXProject section */

/* Begin PBXResourcesBuildPhase section */
		182B166C2BC3CC8B00458DE3 /* Resources */ = {
			isa = PBXResourcesBuildPhase;
			buildActionMask = 2147483647;
			files = (
				182B16792BC3CC8F00458DE3 /* Preview Assets.xcassets in Resources */,
				182B16762BC3CC8F00458DE3 /* Assets.xcassets in Resources */,
				182B16822BC3D7E600458DE3 /* Movies.json in Resources */,
			);
			runOnlyForDeploymentPostprocessing = 0;
		};
/* End PBXResourcesBuildPhase section */

/* Begin PBXSourcesBuildPhase section */
		182B166A2BC3CC8B00458DE3 /* Sources */ = {
			isa = PBXSourcesBuildPhase;
			buildActionMask = 2147483647;
			files = (
				182B16962BC5B94B00458DE3 /* MoviesRequest.swift in Sources */,
				182B169C2BC5CF6100458DE3 /* MoviesListView.swift in Sources */,
				182B16742BC3CC8B00458DE3 /* MainView.swift in Sources */,
				182B16722BC3CC8B00458DE3 /* SwiftUIChallengeApp.swift in Sources */,
				182B16802BC3CCC500458DE3 /* Movie.swift in Sources */,
				182B16922BC5214800458DE3 /* Coordinator.swift in Sources */,
				182B169E2BC5D31B00458DE3 /* MovieDetailsView.swift in Sources */,
				18D68D072BC8526200A12C7D /* Errors.swift in Sources */,
				182B16982BC5C8C200458DE3 /* MainViewModel.swift in Sources */,
			);
			runOnlyForDeploymentPostprocessing = 0;
		};
/* End PBXSourcesBuildPhase section */

/* Begin XCBuildConfiguration section */
		182B167A2BC3CC8F00458DE3 /* Debug */ = {
			isa = XCBuildConfiguration;
			buildSettings = {
				ALWAYS_SEARCH_USER_PATHS = NO;
				ASSETCATALOG_COMPILER_GENERATE_SWIFT_ASSET_SYMBOL_EXTENSIONS = YES;
				CLANG_ANALYZER_NONNULL = YES;
				CLANG_ANALYZER_NUMBER_OBJECT_CONVERSION = YES_AGGRESSIVE;
				CLANG_CXX_LANGUAGE_STANDARD = "gnu++20";
				CLANG_ENABLE_MODULES = YES;
				CLANG_ENABLE_OBJC_ARC = YES;
				CLANG_ENABLE_OBJC_WEAK = YES;
				CLANG_WARN_BLOCK_CAPTURE_AUTORELEASING = YES;
				CLANG_WARN_BOOL_CONVERSION = YES;
				CLANG_WARN_COMMA = YES;
				CLANG_WARN_CONSTANT_CONVERSION = YES;
				CLANG_WARN_DEPRECATED_OBJC_IMPLEMENTATIONS = YES;
				CLANG_WARN_DIRECT_OBJC_ISA_USAGE = YES_ERROR;
				CLANG_WARN_DOCUMENTATION_COMMENTS = YES;
				CLANG_WARN_EMPTY_BODY = YES;
				CLANG_WARN_ENUM_CONVERSION = YES;
				CLANG_WARN_INFINITE_RECURSION = YES;
				CLANG_WARN_INT_CONVERSION = YES;
				CLANG_WARN_NON_LITERAL_NULL_CONVERSION = YES;
				CLANG_WARN_OBJC_IMPLICIT_RETAIN_SELF = YES;
				CLANG_WARN_OBJC_LITERAL_CONVERSION = YES;
				CLANG_WARN_OBJC_ROOT_CLASS = YES_ERROR;
				CLANG_WARN_QUOTED_INCLUDE_IN_FRAMEWORK_HEADER = YES;
				CLANG_WARN_RANGE_LOOP_ANALYSIS = YES;
				CLANG_WARN_STRICT_PROTOTYPES = YES;
				CLANG_WARN_SUSPICIOUS_MOVE = YES;
				CLANG_WARN_UNGUARDED_AVAILABILITY = YES_AGGRESSIVE;
				CLANG_WARN_UNREACHABLE_CODE = YES;
				CLANG_WARN__DUPLICATE_METHOD_MATCH = YES;
				COPY_PHASE_STRIP = NO;
				DEBUG_INFORMATION_FORMAT = dwarf;
				ENABLE_STRICT_OBJC_MSGSEND = YES;
				ENABLE_TESTABILITY = YES;
				ENABLE_USER_SCRIPT_SANDBOXING = YES;
				GCC_C_LANGUAGE_STANDARD = gnu17;
				GCC_DYNAMIC_NO_PIC = NO;
				GCC_NO_COMMON_BLOCKS = YES;
				GCC_OPTIMIZATION_LEVEL = 0;
				GCC_PREPROCESSOR_DEFINITIONS = (
					"DEBUG=1",
					"$(inherited)",
				);
				GCC_WARN_64_TO_32_BIT_CONVERSION = YES;
				GCC_WARN_ABOUT_RETURN_TYPE = YES_ERROR;
				GCC_WARN_UNDECLARED_SELECTOR = YES;
				GCC_WARN_UNINITIALIZED_AUTOS = YES_AGGRESSIVE;
				GCC_WARN_UNUSED_FUNCTION = YES;
				GCC_WARN_UNUSED_VARIABLE = YES;
				IPHONEOS_DEPLOYMENT_TARGET = 17.4;
				LOCALIZATION_PREFERS_STRING_CATALOGS = YES;
				MTL_ENABLE_DEBUG_INFO = INCLUDE_SOURCE;
				MTL_FAST_MATH = YES;
				ONLY_ACTIVE_ARCH = YES;
				SDKROOT = iphoneos;
				SWIFT_ACTIVE_COMPILATION_CONDITIONS = "DEBUG $(inherited)";
				SWIFT_OPTIMIZATION_LEVEL = "-Onone";
			};
			name = Debug;
		};
		182B167B2BC3CC8F00458DE3 /* Release */ = {
			isa = XCBuildConfiguration;
			buildSettings = {
				ALWAYS_SEARCH_USER_PATHS = NO;
				ASSETCATALOG_COMPILER_GENERATE_SWIFT_ASSET_SYMBOL_EXTENSIONS = YES;
				CLANG_ANALYZER_NONNULL = YES;
				CLANG_ANALYZER_NUMBER_OBJECT_CONVERSION = YES_AGGRESSIVE;
				CLANG_CXX_LANGUAGE_STANDARD = "gnu++20";
				CLANG_ENABLE_MODULES = YES;
				CLANG_ENABLE_OBJC_ARC = YES;
				CLANG_ENABLE_OBJC_WEAK = YES;
				CLANG_WARN_BLOCK_CAPTURE_AUTORELEASING = YES;
				CLANG_WARN_BOOL_CONVERSION = YES;
				CLANG_WARN_COMMA = YES;
				CLANG_WARN_CONSTANT_CONVERSION = YES;
				CLANG_WARN_DEPRECATED_OBJC_IMPLEMENTATIONS = YES;
				CLANG_WARN_DIRECT_OBJC_ISA_USAGE = YES_ERROR;
				CLANG_WARN_DOCUMENTATION_COMMENTS = YES;
				CLANG_WARN_EMPTY_BODY = YES;
				CLANG_WARN_ENUM_CONVERSION = YES;
				CLANG_WARN_INFINITE_RECURSION = YES;
				CLANG_WARN_INT_CONVERSION = YES;
				CLANG_WARN_NON_LITERAL_NULL_CONVERSION = YES;
				CLANG_WARN_OBJC_IMPLICIT_RETAIN_SELF = YES;
				CLANG_WARN_OBJC_LITERAL_CONVERSION = YES;
				CLANG_WARN_OBJC_ROOT_CLASS = YES_ERROR;
				CLANG_WARN_QUOTED_INCLUDE_IN_FRAMEWORK_HEADER = YES;
				CLANG_WARN_RANGE_LOOP_ANALYSIS = YES;
				CLANG_WARN_STRICT_PROTOTYPES = YES;
				CLANG_WARN_SUSPICIOUS_MOVE = YES;
				CLANG_WARN_UNGUARDED_AVAILABILITY = YES_AGGRESSIVE;
				CLANG_WARN_UNREACHABLE_CODE = YES;
				CLANG_WARN__DUPLICATE_METHOD_MATCH = YES;
				COPY_PHASE_STRIP = NO;
				DEBUG_INFORMATION_FORMAT = "dwarf-with-dsym";
				ENABLE_NS_ASSERTIONS = NO;
				ENABLE_STRICT_OBJC_MSGSEND = YES;
				ENABLE_USER_SCRIPT_SANDBOXING = YES;
				GCC_C_LANGUAGE_STANDARD = gnu17;
				GCC_NO_COMMON_BLOCKS = YES;
				GCC_WARN_64_TO_32_BIT_CONVERSION = YES;
				GCC_WARN_ABOUT_RETURN_TYPE = YES_ERROR;
				GCC_WARN_UNDECLARED_SELECTOR = YES;
				GCC_WARN_UNINITIALIZED_AUTOS = YES_AGGRESSIVE;
				GCC_WARN_UNUSED_FUNCTION = YES;
				GCC_WARN_UNUSED_VARIABLE = YES;
				IPHONEOS_DEPLOYMENT_TARGET = 17.4;
				LOCALIZATION_PREFERS_STRING_CATALOGS = YES;
				MTL_ENABLE_DEBUG_INFO = NO;
				MTL_FAST_MATH = YES;
				SDKROOT = iphoneos;
				SWIFT_COMPILATION_MODE = wholemodule;
				VALIDATE_PRODUCT = YES;
			};
			name = Release;
		};
		182B167D2BC3CC8F00458DE3 /* Debug */ = {
			isa = XCBuildConfiguration;
			buildSettings = {
				ASSETCATALOG_COMPILER_APPICON_NAME = AppIcon;
				ASSETCATALOG_COMPILER_GLOBAL_ACCENT_COLOR_NAME = AccentColor;
				CODE_SIGN_STYLE = Automatic;
				CURRENT_PROJECT_VERSION = 1;
				DEVELOPMENT_ASSET_PATHS = "\"SwiftUIChallenge/Preview Content\"";
				DEVELOPMENT_TEAM = 4X4DPUCB9C;
				ENABLE_PREVIEWS = YES;
				GENERATE_INFOPLIST_FILE = YES;
				INFOPLIST_KEY_UIApplicationSceneManifest_Generation = YES;
				INFOPLIST_KEY_UIApplicationSupportsIndirectInputEvents = YES;
				INFOPLIST_KEY_UILaunchScreen_Generation = YES;
				INFOPLIST_KEY_UISupportedInterfaceOrientations_iPad = "UIInterfaceOrientationPortrait UIInterfaceOrientationPortraitUpsideDown UIInterfaceOrientationLandscapeLeft UIInterfaceOrientationLandscapeRight";
				INFOPLIST_KEY_UISupportedInterfaceOrientations_iPhone = "UIInterfaceOrientationPortrait UIInterfaceOrientationLandscapeLeft UIInterfaceOrientationLandscapeRight";
				LD_RUNPATH_SEARCH_PATHS = (
					"$(inherited)",
					"@executable_path/Frameworks",
				);
				MARKETING_VERSION = 1.0;
				PRODUCT_BUNDLE_IDENTIFIER = ru.SwiftUIChallenge;
				PRODUCT_NAME = "$(TARGET_NAME)";
				SUPPORTED_PLATFORMS = "iphoneos iphonesimulator";
				SUPPORTS_MACCATALYST = NO;
				SUPPORTS_XR_DESIGNED_FOR_IPHONE_IPAD = NO;
				SWIFT_EMIT_LOC_STRINGS = YES;
				SWIFT_VERSION = 5.0;
				TARGETED_DEVICE_FAMILY = "1,2";
			};
			name = Debug;
		};
		182B167E2BC3CC8F00458DE3 /* Release */ = {
			isa = XCBuildConfiguration;
			buildSettings = {
				ASSETCATALOG_COMPILER_APPICON_NAME = AppIcon;
				ASSETCATALOG_COMPILER_GLOBAL_ACCENT_COLOR_NAME = AccentColor;
				CODE_SIGN_STYLE = Automatic;
				CURRENT_PROJECT_VERSION = 1;
				DEVELOPMENT_ASSET_PATHS = "\"SwiftUIChallenge/Preview Content\"";
				DEVELOPMENT_TEAM = 4X4DPUCB9C;
				ENABLE_PREVIEWS = YES;
				GENERATE_INFOPLIST_FILE = YES;
				INFOPLIST_KEY_UIApplicationSceneManifest_Generation = YES;
				INFOPLIST_KEY_UIApplicationSupportsIndirectInputEvents = YES;
				INFOPLIST_KEY_UILaunchScreen_Generation = YES;
				INFOPLIST_KEY_UISupportedInterfaceOrientations_iPad = "UIInterfaceOrientationPortrait UIInterfaceOrientationPortraitUpsideDown UIInterfaceOrientationLandscapeLeft UIInterfaceOrientationLandscapeRight";
				INFOPLIST_KEY_UISupportedInterfaceOrientations_iPhone = "UIInterfaceOrientationPortrait UIInterfaceOrientationLandscapeLeft UIInterfaceOrientationLandscapeRight";
				LD_RUNPATH_SEARCH_PATHS = (
					"$(inherited)",
					"@executable_path/Frameworks",
				);
				MARKETING_VERSION = 1.0;
				PRODUCT_BUNDLE_IDENTIFIER = ru.SwiftUIChallenge;
				PRODUCT_NAME = "$(TARGET_NAME)";
				SUPPORTED_PLATFORMS = "iphoneos iphonesimulator";
				SUPPORTS_MACCATALYST = NO;
				SUPPORTS_XR_DESIGNED_FOR_IPHONE_IPAD = NO;
				SWIFT_EMIT_LOC_STRINGS = YES;
				SWIFT_VERSION = 5.0;
				TARGETED_DEVICE_FAMILY = "1,2";
			};
			name = Release;
		};
/* End XCBuildConfiguration section */

/* Begin XCConfigurationList section */
		182B16692BC3CC8B00458DE3 /* Build configuration list for PBXProject "SwiftUIChallenge" */ = {
			isa = XCConfigurationList;
			buildConfigurations = (
				182B167A2BC3CC8F00458DE3 /* Debug */,
				182B167B2BC3CC8F00458DE3 /* Release */,
			);
			defaultConfigurationIsVisible = 0;
			defaultConfigurationName = Release;
		};
		182B167C2BC3CC8F00458DE3 /* Build configuration list for PBXNativeTarget "SwiftUIChallenge" */ = {
			isa = XCConfigurationList;
			buildConfigurations = (
				182B167D2BC3CC8F00458DE3 /* Debug */,
				182B167E2BC3CC8F00458DE3 /* Release */,
			);
			defaultConfigurationIsVisible = 0;
			defaultConfigurationName = Release;
		};
/* End XCConfigurationList section */
	};
	rootObject = 182B16662BC3CC8B00458DE3 /* Project object */;
}
